
Microsoft Visual Studio Solution File, Format Version 12.00
# Visual Studio Version 16
VisualStudioVersion = 16.0.34407.143
MinimumVisualStudioVersion = 10.0.40219.1
Project("{8BC9CEB8-8B4A-11D0-8D11-00A0C91BC942}") = "Lab1", "Lab1\Lab1.vcxproj", "{64357F94-6028-4A85-A87D-57774F4A85B2}"
EndProject
Project("{8BC9CEB8-8B4A-11D0-8D11-00A0C91BC942}") = "Lab2", "Lab2\Lab2.vcxproj", "{1088F404-E989-4B1D-A8C8-0320BDA91D80}"
EndProject
Project("{8BC9CEB8-8B4A-11D0-8D11-00A0C91BC942}") = "Lab3", "Lab3\Lab3.vcxproj", "{96B75469-029A-4204-98D4-71A137CF9409}"
EndProject
Global
	GlobalSection(SolutionConfigurationPlatforms) = preSolution
		Debug|x64 = Debug|x64
		Debug|x86 = Debug|x86
		Release|x64 = Release|x64
		Release|x86 = Release|x86
	EndGlobalSection
	GlobalSection(ProjectConfigurationPlatforms) = postSolution
		{64357F94-6028-4A85-A87D-57774F4A85B2}.Debug|x64.ActiveCfg = Debug|x64
		{64357F94-6028-4A85-A87D-57774F4A85B2}.Debug|x64.Build.0 = Debug|x64
		{64357F94-6028-4A85-A87D-57774F4A85B2}.Debug|x86.ActiveCfg = Debug|Win32
		{64357F94-6028-4A85-A87D-57774F4A85B2}.Debug|x86.Build.0 = Debug|Win32
		{64357F94-6028-4A85-A87D-57774F4A85B2}.Release|x64.ActiveCfg = Release|x64
		{64357F94-6028-4A85-A87D-57774F4A85B2}.Release|x64.Build.0 = Release|x64
		{64357F94-6028-4A85-A87D-57774F4A85B2}.Release|x86.ActiveCfg = Release|Win32
		{64357F94-6028-4A85-A87D-57774F4A85B2}.Release|x86.Build.0 = Release|Win32
		{1088F404-E989-4B1D-A8C8-0320BDA91D80}.Debug|x64.ActiveCfg = Debug|x64
		{1088F404-E989-4B1D-A8C8-0320BDA91D80}.Debug|x64.Build.0 = Debug|x64
		{1088F404-E989-4B1D-A8C8-0320BDA91D80}.Debug|x86.ActiveCfg = Debug|Win32
		{1088F404-E989-4B1D-A8C8-0320BDA91D80}.Debug|x86.Build.0 = Debug|Win32
		{1088F404-E989-4B1D-A8C8-0320BDA91D80}.Release|x64.ActiveCfg = Release|x64
		{1088F404-E989-4B1D-A8C8-0320BDA91D80}.Release|x64.Build.0 = Release|x64
		{1088F404-E989-4B1D-A8C8-0320BDA91D80}.Release|x86.ActiveCfg = Release|Win32
		{1088F404-E989-4B1D-A8C8-0320BDA91D80}.Release|x86.Build.0 = Release|Win32
		{96B75469-029A-4204-98D4-71A137CF9409}.Debug|x64.ActiveCfg = Debug|x64
		{96B75469-029A-4204-98D4-71A137CF9409}.Debug|x64.Build.0 = Debug|x64
		{96B75469-029A-4204-98D4-71A137CF9409}.Debug|x86.ActiveCfg = Debug|Win32
		{96B75469-029A-4204-98D4-71A137CF9409}.Debug|x86.Build.0 = Debug|Win32
		{96B75469-029A-4204-98D4-71A137CF9409}.Release|x64.ActiveCfg = Release|x64
		{96B75469-029A-4204-98D4-71A137CF9409}.Release|x64.Build.0 = Release|x64
		{96B75469-029A-4204-98D4-71A137CF9409}.Release|x86.ActiveCfg = Release|Win32
		{96B75469-029A-4204-98D4-71A137CF9409}.Release|x86.Build.0 = Release|Win32
	EndGlobalSection
	GlobalSection(SolutionProperties) = preSolution
		HideSolutionNode = FALSE
	EndGlobalSection
	GlobalSection(ExtensibilityGlobals) = postSolution
		SolutionGuid = {0096920C-2C05-4551-8C97-8BD5FFB7FE5E}
	EndGlobalSection
EndGlobal
